
Microsoft Visual Studio Solution File, Format Version 12.00
# Visual Studio Version 17
VisualStudioVersion = 17.14.36127.28
MinimumVisualStudioVersion = 10.0.40219.1
Project("{FAE04EC0-301F-11D3-BF4B-00C04F79EFBC}") = "Tutorial_1", "Tutorial_1.csproj", "{665C2724-04D3-4CE5-AB60-4D58D9B6283B}"
EndProject
Project("{FAE04EC0-301F-11D3-BF4B-00C04F79EFBC}") = "Tutorial2_question1", "..\Tutorial2_question1\Tutorial2_question1.csproj", "{DEFA4999-C7AC-4527-A6C8-195B68BE9FF5}"
EndProject
Project("{FAE04EC0-301F-11D3-BF4B-00C04F79EFBC}") = "Tutorial2_question2", "..\Tutorial2_question2\Tutorial2_question2.csproj", "{B864ED4C-EDEE-4BC0-BBEF-5926F3EA551B}"
EndProject
Project("{FAE04EC0-301F-11D3-BF4B-00C04F79EFBC}") = "Tutorial2_question5", "..\Tutorial2_question5\Tutorial2_question5.csproj", "{B04AA172-CA7E-484D-90C1-E304769289C6}"
EndProject
Project("{FAE04EC0-301F-11D3-BF4B-00C04F79EFBC}") = "Tutorial3_question1", "..\Tutorial3_question1\Tutorial3_question1.csproj", "{6944D997-37C9-4C71-9289-5DAAECBD10DB}"
EndProject
Project("{FAE04EC0-301F-11D3-BF4B-00C04F79EFBC}") = "Tutorial3_question2", "..\Tutorial3_question2\Tutorial3_question2.csproj", "{3A37FCE4-86E2-4761-B327-D1CB65F7FAA4}"
EndProject
Project("{FAE04EC0-301F-11D3-BF4B-00C04F79EFBC}") = "Tutorial3_question3", "..\Tutorial3_question3\Tutorial3_question3.csproj", "{1FC11C08-6844-4015-8703-397329B50443}"
EndProject
Project("{FAE04EC0-301F-11D3-BF4B-00C04F79EFBC}") = "Tutorial3_question4", "..\Tutorial3_question4\Tutorial3_question4.csproj", "{8E738818-E5EC-4E00-BE62-A3C0C059C67E}"
EndProject
Project("{FAE04EC0-301F-11D3-BF4B-00C04F79EFBC}") = "Tutorial3_question5", "..\Tutorial3_question5\Tutorial3_question5.csproj", "{0281E8D4-344F-4968-8EEA-D509866784D6}"
EndProject
Project("{FAE04EC0-301F-11D3-BF4B-00C04F79EFBC}") = "Tutorial4_question1", "..\Tutorial4_question1\Tutorial4_question1.csproj", "{6C878A58-8539-4EBF-BFD6-2F4CEFE44F61}"
EndProject
Project("{FAE04EC0-301F-11D3-BF4B-00C04F79EFBC}") = "Tutorial4_question2", "..\Tutorial4_question2\Tutorial4_question2.csproj", "{7024C2E0-623A-4AEB-A950-E5D211229E68}"
EndProject
Project("{FAE04EC0-301F-11D3-BF4B-00C04F79EFBC}") = "Tutorial4_question3", "..\Tutorial4_question3\Tutorial4_question3.csproj", "{07E0B911-AAED-438A-8628-A701F37B8C2D}"
EndProject
Project("{FAE04EC0-301F-11D3-BF4B-00C04F79EFBC}") = "Tutorial4_question4", "..\Tutorial4_question4\Tutorial4_question4.csproj", "{FC54E7CF-2F79-4489-9518-15B7445792AD}"
EndProject
Project("{FAE04EC0-301F-11D3-BF4B-00C04F79EFBC}") = "Tutorial4_question5", "..\Tutorial4_question5\Tutorial4_question5.csproj", "{42386125-36FA-4D7A-8C70-20CA9E88B874}"
EndProject
Project("{FAE04EC0-301F-11D3-BF4B-00C04F79EFBC}") = "Tutorial5_question1_processA", "..\Tutorial5_question1_processA\Tutorial5_question1_processA.csproj", "{7C4AB0EE-9724-420E-8DC0-E73828833014}"
EndProject
Project("{FAE04EC0-301F-11D3-BF4B-00C04F79EFBC}") = "Tutorial5_question1_processB", "..\Tutorial5_question1_processB\Tutorial5_question1_processB.csproj", "{D9FD3D5E-7BFE-4F79-9C22-08EE17B64890}"
EndProject
Project("{FAE04EC0-301F-11D3-BF4B-00C04F79EFBC}") = "Tutorial5_question2_server", "..\Tutorial5_question2_server\Tutorial5_question2_server.csproj", "{E67ED3CD-2899-4B69-8AD4-35B57E7FA4B0}"
EndProject
Project("{FAE04EC0-301F-11D3-BF4B-00C04F79EFBC}") = "Tutorial5_question2_client", "..\Tutorial5_question2_client\Tutorial5_question2_client.csproj", "{5ED0B786-5BE0-4287-8896-BC0A10DC2389}"
EndProject
Project("{FAE04EC0-301F-11D3-BF4B-00C04F79EFBC}") = "Tutorial5_question3_server", "..\Tutorial5_question3_server\Tutorial5_question3_server.csproj", "{F09220A8-8F7C-4E10-92C7-83931FCDB755}"
EndProject
Project("{FAE04EC0-301F-11D3-BF4B-00C04F79EFBC}") = "Tutorial5_question3_client", "..\Tutorial5_question3_client\Tutorial5_question3_client.csproj", "{FCDF996F-991E-43D4-B6C7-66DCAC115989}"
EndProject
Project("{FAE04EC0-301F-11D3-BF4B-00C04F79EFBC}") = "Tutorial5_question4_server", "..\Tutorial5_question4_server\Tutorial5_question4_server.csproj", "{6EBA7719-E62A-4370-A491-1F8B801EFFB0}"
EndProject
Project("{FAE04EC0-301F-11D3-BF4B-00C04F79EFBC}") = "Tutorial5_question4_client", "..\Tutorial5_question4_client\Tutorial5_question4_client.csproj", "{8B38211F-077A-48E8-A3FE-2320587282BC}"
EndProject
Project("{FAE04EC0-301F-11D3-BF4B-00C04F79EFBC}") = "Tutorial5_question5_server", "..\Tutorial5_question5_server\Tutorial5_question5_server.csproj", "{1D4C1F43-55EC-4C10-BB1B-070A85F94669}"
EndProject
Project("{FAE04EC0-301F-11D3-BF4B-00C04F79EFBC}") = "Tutorial5_question5_client", "..\Tutorial5_question5_client\Tutorial5_question5_client.csproj", "{8CB68EF4-8A6B-492C-B89D-52160CC0709C}"
EndProject
Project("{FAE04EC0-301F-11D3-BF4B-00C04F79EFBC}") = "Tutorial6_question1", "..\WorkerService\Tutorial6_question1.csproj", "{43E3C7BC-5E85-4920-BD14-17C654DB7859}"
EndProject
Project("{FAE04EC0-301F-11D3-BF4B-00C04F79EFBC}") = "Tutorial6_question2", "..\Tutorial6_question2\Tutorial6_question2.csproj", "{CF703239-1AC2-408A-B2DD-3BAB050AC8D9}"
EndProject
Project("{FAE04EC0-301F-11D3-BF4B-00C04F79EFBC}") = "Tutorial6_question3", "..\Tutorial6_question3\Tutorial6_question3.csproj", "{F94F8E3C-5982-40D2-8242-02B616ADB01C}"
EndProject
Global
	GlobalSection(SolutionConfigurationPlatforms) = preSolution
		Debug|Any CPU = Debug|Any CPU
		Release|Any CPU = Release|Any CPU
	EndGlobalSection
	GlobalSection(ProjectConfigurationPlatforms) = postSolution
		{665C2724-04D3-4CE5-AB60-4D58D9B6283B}.Debug|Any CPU.ActiveCfg = Debug|Any CPU
		{665C2724-04D3-4CE5-AB60-4D58D9B6283B}.Debug|Any CPU.Build.0 = Debug|Any CPU
		{665C2724-04D3-4CE5-AB60-4D58D9B6283B}.Release|Any CPU.ActiveCfg = Release|Any CPU
		{665C2724-04D3-4CE5-AB60-4D58D9B6283B}.Release|Any CPU.Build.0 = Release|Any CPU
		{DEFA4999-C7AC-4527-A6C8-195B68BE9FF5}.Debug|Any CPU.ActiveCfg = Debug|Any CPU
		{DEFA4999-C7AC-4527-A6C8-195B68BE9FF5}.Debug|Any CPU.Build.0 = Debug|Any CPU
		{DEFA4999-C7AC-4527-A6C8-195B68BE9FF5}.Release|Any CPU.ActiveCfg = Release|Any CPU
		{DEFA4999-C7AC-4527-A6C8-195B68BE9FF5}.Release|Any CPU.Build.0 = Release|Any CPU
		{B864ED4C-EDEE-4BC0-BBEF-5926F3EA551B}.Debug|Any CPU.ActiveCfg = Debug|Any CPU
		{B864ED4C-EDEE-4BC0-BBEF-5926F3EA551B}.Debug|Any CPU.Build.0 = Debug|Any CPU
		{B864ED4C-EDEE-4BC0-BBEF-5926F3EA551B}.Release|Any CPU.ActiveCfg = Release|Any CPU
		{B864ED4C-EDEE-4BC0-BBEF-5926F3EA551B}.Release|Any CPU.Build.0 = Release|Any CPU
		{B04AA172-CA7E-484D-90C1-E304769289C6}.Debug|Any CPU.ActiveCfg = Debug|Any CPU
		{B04AA172-CA7E-484D-90C1-E304769289C6}.Debug|Any CPU.Build.0 = Debug|Any CPU
		{B04AA172-CA7E-484D-90C1-E304769289C6}.Release|Any CPU.ActiveCfg = Release|Any CPU
		{B04AA172-CA7E-484D-90C1-E304769289C6}.Release|Any CPU.Build.0 = Release|Any CPU
		{6944D997-37C9-4C71-9289-5DAAECBD10DB}.Debug|Any CPU.ActiveCfg = Debug|Any CPU
		{6944D997-37C9-4C71-9289-5DAAECBD10DB}.Debug|Any CPU.Build.0 = Debug|Any CPU
		{6944D997-37C9-4C71-9289-5DAAECBD10DB}.Release|Any CPU.ActiveCfg = Release|Any CPU
		{6944D997-37C9-4C71-9289-5DAAECBD10DB}.Release|Any CPU.Build.0 = Release|Any CPU
		{3A37FCE4-86E2-4761-B327-D1CB65F7FAA4}.Debug|Any CPU.ActiveCfg = Debug|Any CPU
		{3A37FCE4-86E2-4761-B327-D1CB65F7FAA4}.Debug|Any CPU.Build.0 = Debug|Any CPU
		{3A37FCE4-86E2-4761-B327-D1CB65F7FAA4}.Release|Any CPU.ActiveCfg = Release|Any CPU
		{3A37FCE4-86E2-4761-B327-D1CB65F7FAA4}.Release|Any CPU.Build.0 = Release|Any CPU
		{1FC11C08-6844-4015-8703-397329B50443}.Debug|Any CPU.ActiveCfg = Debug|Any CPU
		{1FC11C08-6844-4015-8703-397329B50443}.Debug|Any CPU.Build.0 = Debug|Any CPU
		{1FC11C08-6844-4015-8703-397329B50443}.Release|Any CPU.ActiveCfg = Release|Any CPU
		{1FC11C08-6844-4015-8703-397329B50443}.Release|Any CPU.Build.0 = Release|Any CPU
		{8E738818-E5EC-4E00-BE62-A3C0C059C67E}.Debug|Any CPU.ActiveCfg = Debug|Any CPU
		{8E738818-E5EC-4E00-BE62-A3C0C059C67E}.Debug|Any CPU.Build.0 = Debug|Any CPU
		{8E738818-E5EC-4E00-BE62-A3C0C059C67E}.Release|Any CPU.ActiveCfg = Release|Any CPU
		{8E738818-E5EC-4E00-BE62-A3C0C059C67E}.Release|Any CPU.Build.0 = Release|Any CPU
		{0281E8D4-344F-4968-8EEA-D509866784D6}.Debug|Any CPU.ActiveCfg = Debug|Any CPU
		{0281E8D4-344F-4968-8EEA-D509866784D6}.Debug|Any CPU.Build.0 = Debug|Any CPU
		{0281E8D4-344F-4968-8EEA-D509866784D6}.Release|Any CPU.ActiveCfg = Release|Any CPU
		{0281E8D4-344F-4968-8EEA-D509866784D6}.Release|Any CPU.Build.0 = Release|Any CPU
		{6C878A58-8539-4EBF-BFD6-2F4CEFE44F61}.Debug|Any CPU.ActiveCfg = Debug|Any CPU
		{6C878A58-8539-4EBF-BFD6-2F4CEFE44F61}.Debug|Any CPU.Build.0 = Debug|Any CPU
		{6C878A58-8539-4EBF-BFD6-2F4CEFE44F61}.Release|Any CPU.ActiveCfg = Release|Any CPU
		{6C878A58-8539-4EBF-BFD6-2F4CEFE44F61}.Release|Any CPU.Build.0 = Release|Any CPU
		{7024C2E0-623A-4AEB-A950-E5D211229E68}.Debug|Any CPU.ActiveCfg = Debug|Any CPU
		{7024C2E0-623A-4AEB-A950-E5D211229E68}.Debug|Any CPU.Build.0 = Debug|Any CPU
		{7024C2E0-623A-4AEB-A950-E5D211229E68}.Release|Any CPU.ActiveCfg = Release|Any CPU
		{7024C2E0-623A-4AEB-A950-E5D211229E68}.Release|Any CPU.Build.0 = Release|Any CPU
		{07E0B911-AAED-438A-8628-A701F37B8C2D}.Debug|Any CPU.ActiveCfg = Debug|Any CPU
		{07E0B911-AAED-438A-8628-A701F37B8C2D}.Debug|Any CPU.Build.0 = Debug|Any CPU
		{07E0B911-AAED-438A-8628-A701F37B8C2D}.Release|Any CPU.ActiveCfg = Release|Any CPU
		{07E0B911-AAED-438A-8628-A701F37B8C2D}.Release|Any CPU.Build.0 = Release|Any CPU
		{FC54E7CF-2F79-4489-9518-15B7445792AD}.Debug|Any CPU.ActiveCfg = Debug|Any CPU
		{FC54E7CF-2F79-4489-9518-15B7445792AD}.Debug|Any CPU.Build.0 = Debug|Any CPU
		{FC54E7CF-2F79-4489-9518-15B7445792AD}.Release|Any CPU.ActiveCfg = Release|Any CPU
		{FC54E7CF-2F79-4489-9518-15B7445792AD}.Release|Any CPU.Build.0 = Release|Any CPU
		{42386125-36FA-4D7A-8C70-20CA9E88B874}.Debug|Any CPU.ActiveCfg = Debug|Any CPU
		{42386125-36FA-4D7A-8C70-20CA9E88B874}.Debug|Any CPU.Build.0 = Debug|Any CPU
		{42386125-36FA-4D7A-8C70-20CA9E88B874}.Release|Any CPU.ActiveCfg = Release|Any CPU
		{42386125-36FA-4D7A-8C70-20CA9E88B874}.Release|Any CPU.Build.0 = Release|Any CPU
		{7C4AB0EE-9724-420E-8DC0-E73828833014}.Debug|Any CPU.ActiveCfg = Debug|Any CPU
		{7C4AB0EE-9724-420E-8DC0-E73828833014}.Debug|Any CPU.Build.0 = Debug|Any CPU
		{7C4AB0EE-9724-420E-8DC0-E73828833014}.Release|Any CPU.ActiveCfg = Release|Any CPU
		{7C4AB0EE-9724-420E-8DC0-E73828833014}.Release|Any CPU.Build.0 = Release|Any CPU
		{D9FD3D5E-7BFE-4F79-9C22-08EE17B64890}.Debug|Any CPU.ActiveCfg = Debug|Any CPU
		{D9FD3D5E-7BFE-4F79-9C22-08EE17B64890}.Debug|Any CPU.Build.0 = Debug|Any CPU
		{D9FD3D5E-7BFE-4F79-9C22-08EE17B64890}.Release|Any CPU.ActiveCfg = Release|Any CPU
		{D9FD3D5E-7BFE-4F79-9C22-08EE17B64890}.Release|Any CPU.Build.0 = Release|Any CPU
		{E67ED3CD-2899-4B69-8AD4-35B57E7FA4B0}.Debug|Any CPU.ActiveCfg = Debug|Any CPU
		{E67ED3CD-2899-4B69-8AD4-35B57E7FA4B0}.Debug|Any CPU.Build.0 = Debug|Any CPU
		{E67ED3CD-2899-4B69-8AD4-35B57E7FA4B0}.Release|Any CPU.ActiveCfg = Release|Any CPU
		{E67ED3CD-2899-4B69-8AD4-35B57E7FA4B0}.Release|Any CPU.Build.0 = Release|Any CPU
		{5ED0B786-5BE0-4287-8896-BC0A10DC2389}.Debug|Any CPU.ActiveCfg = Debug|Any CPU
		{5ED0B786-5BE0-4287-8896-BC0A10DC2389}.Debug|Any CPU.Build.0 = Debug|Any CPU
		{5ED0B786-5BE0-4287-8896-BC0A10DC2389}.Release|Any CPU.ActiveCfg = Release|Any CPU
		{5ED0B786-5BE0-4287-8896-BC0A10DC2389}.Release|Any CPU.Build.0 = Release|Any CPU
		{F09220A8-8F7C-4E10-92C7-83931FCDB755}.Debug|Any CPU.ActiveCfg = Debug|Any CPU
		{F09220A8-8F7C-4E10-92C7-83931FCDB755}.Debug|Any CPU.Build.0 = Debug|Any CPU
		{F09220A8-8F7C-4E10-92C7-83931FCDB755}.Release|Any CPU.ActiveCfg = Release|Any CPU
		{F09220A8-8F7C-4E10-92C7-83931FCDB755}.Release|Any CPU.Build.0 = Release|Any CPU
		{FCDF996F-991E-43D4-B6C7-66DCAC115989}.Debug|Any CPU.ActiveCfg = Debug|Any CPU
		{FCDF996F-991E-43D4-B6C7-66DCAC115989}.Debug|Any CPU.Build.0 = Debug|Any CPU
		{FCDF996F-991E-43D4-B6C7-66DCAC115989}.Release|Any CPU.ActiveCfg = Release|Any CPU
		{FCDF996F-991E-43D4-B6C7-66DCAC115989}.Release|Any CPU.Build.0 = Release|Any CPU
		{6EBA7719-E62A-4370-A491-1F8B801EFFB0}.Debug|Any CPU.ActiveCfg = Debug|Any CPU
		{6EBA7719-E62A-4370-A491-1F8B801EFFB0}.Debug|Any CPU.Build.0 = Debug|Any CPU
		{6EBA7719-E62A-4370-A491-1F8B801EFFB0}.Release|Any CPU.ActiveCfg = Release|Any CPU
		{6EBA7719-E62A-4370-A491-1F8B801EFFB0}.Release|Any CPU.Build.0 = Release|Any CPU
		{8B38211F-077A-48E8-A3FE-2320587282BC}.Debug|Any CPU.ActiveCfg = Debug|Any CPU
		{8B38211F-077A-48E8-A3FE-2320587282BC}.Debug|Any CPU.Build.0 = Debug|Any CPU
		{8B38211F-077A-48E8-A3FE-2320587282BC}.Release|Any CPU.ActiveCfg = Release|Any CPU
		{8B38211F-077A-48E8-A3FE-2320587282BC}.Release|Any CPU.Build.0 = Release|Any CPU
		{1D4C1F43-55EC-4C10-BB1B-070A85F94669}.Debug|Any CPU.ActiveCfg = Debug|Any CPU
		{1D4C1F43-55EC-4C10-BB1B-070A85F94669}.Debug|Any CPU.Build.0 = Debug|Any CPU
		{1D4C1F43-55EC-4C10-BB1B-070A85F94669}.Release|Any CPU.ActiveCfg = Release|Any CPU
		{1D4C1F43-55EC-4C10-BB1B-070A85F94669}.Release|Any CPU.Build.0 = Release|Any CPU
		{8CB68EF4-8A6B-492C-B89D-52160CC0709C}.Debug|Any CPU.ActiveCfg = Debug|Any CPU
		{8CB68EF4-8A6B-492C-B89D-52160CC0709C}.Debug|Any CPU.Build.0 = Debug|Any CPU
		{8CB68EF4-8A6B-492C-B89D-52160CC0709C}.Release|Any CPU.ActiveCfg = Release|Any CPU
		{8CB68EF4-8A6B-492C-B89D-52160CC0709C}.Release|Any CPU.Build.0 = Release|Any CPU
		{43E3C7BC-5E85-4920-BD14-17C654DB7859}.Debug|Any CPU.ActiveCfg = Debug|Any CPU
		{43E3C7BC-5E85-4920-BD14-17C654DB7859}.Debug|Any CPU.Build.0 = Debug|Any CPU
		{43E3C7BC-5E85-4920-BD14-17C654DB7859}.Release|Any CPU.ActiveCfg = Release|Any CPU
		{43E3C7BC-5E85-4920-BD14-17C654DB7859}.Release|Any CPU.Build.0 = Release|Any CPU
		{CF703239-1AC2-408A-B2DD-3BAB050AC8D9}.Debug|Any CPU.ActiveCfg = Debug|Any CPU
		{CF703239-1AC2-408A-B2DD-3BAB050AC8D9}.Debug|Any CPU.Build.0 = Debug|Any CPU
		{CF703239-1AC2-408A-B2DD-3BAB050AC8D9}.Release|Any CPU.ActiveCfg = Release|Any CPU
		{CF703239-1AC2-408A-B2DD-3BAB050AC8D9}.Release|Any CPU.Build.0 = Release|Any CPU
		{F94F8E3C-5982-40D2-8242-02B616ADB01C}.Debug|Any CPU.ActiveCfg = Debug|Any CPU
		{F94F8E3C-5982-40D2-8242-02B616ADB01C}.Debug|Any CPU.Build.0 = Debug|Any CPU
		{F94F8E3C-5982-40D2-8242-02B616ADB01C}.Release|Any CPU.ActiveCfg = Release|Any CPU
		{F94F8E3C-5982-40D2-8242-02B616ADB01C}.Release|Any CPU.Build.0 = Release|Any CPU
	EndGlobalSection
	GlobalSection(SolutionProperties) = preSolution
		HideSolutionNode = FALSE
	EndGlobalSection
	GlobalSection(ExtensibilityGlobals) = postSolution
		SolutionGuid = {B89E087C-C75A-40AA-B67D-74256835B1B1}
	EndGlobalSection
EndGlobal
